{
  "name": "alm-app",
  "lockfileVersion": 3,
  "requires": true,
  "packages": {
    "": {
      "name": "alm-app",
      "workspaces": [
        "packages/*"
      ],
      "devDependencies": {
        "cross-env": "^7.0.3"
      }
    },
    "mobile": {
      "version": "1.0.0",
      "extraneous": true,
      "dependencies": {
        "@alm/manifest-types": "file:../packages/manifest-types",
        "@expo/vector-icons": "^15.0.3",
        "@react-navigation/native": "^7.1.8",
        "@tanstack/react-query": "^5.90.0",
        "axios": "^1.12.0",
        "expo": "~54.0.33",
        "expo-constants": "~18.0.13",
        "expo-font": "~14.0.11",
        "expo-linking": "~8.0.11",
        "expo-router": "~6.0.23",
        "expo-secure-store": "~15.0.3",
        "expo-splash-screen": "~31.0.13",
        "expo-status-bar": "~3.0.9",
        "expo-web-browser": "~15.0.10",
        "react": "19.1.0",
        "react-dom": "19.1.0",
        "react-native": "0.81.5",
        "react-native-gesture-handler": "~2.28.0",
        "react-native-reanimated": "~4.1.1",
        "react-native-safe-area-context": "~5.6.0",
        "react-native-screens": "~4.16.0",
        "react-native-web": "~0.21.0",
        "react-native-worklets": "0.5.1",
        "zustand": "^5.0.8"
      },
      "devDependencies": {
        "@types/react": "~19.1.0",
        "react-test-renderer": "19.1.0",
        "typescript": "~5.9.2"
      }
    },
    "node_modules/@alm/manifest-types": {
      "resolved": "packages/manifest-types",
      "link": true
    },
    "node_modules/cross-env": {
      "version": "7.0.3",
      "dev": true,
      "license": "MIT",
      "dependencies": {
        "cross-spawn": "^7.0.1"
      },
      "bin": {
        "cross-env": "src/bin/cross-env.js",
        "cross-env-shell": "src/bin/cross-env-shell.js"
      },
      "engines": {
        "node": ">=10.14",
        "npm": ">=6",
        "yarn": ">=1"
      }
    },
    "node_modules/cross-spawn": {
      "version": "7.0.6",
      "dev": true,
      "license": "MIT",
      "dependencies": {
        "path-key": "^3.1.0",
        "shebang-command": "^2.0.0",
        "which": "^2.0.1"
      },
      "engines": {
        "node": ">= 8"
      }
    },
    "node_modules/isexe": {
      "version": "2.0.0",
      "dev": true,
      "license": "ISC"
    },
    "node_modules/path-key": {
      "version": "3.1.1",
      "dev": true,
      "license": "MIT",
      "engines": {
        "node": ">=8"
      }
    },
    "node_modules/shebang-command": {
      "version": "2.0.0",
      "dev": true,
      "license": "MIT",
      "dependencies": {
        "shebang-regex": "^3.0.0"
      },
      "engines": {
        "node": ">=8"
      }
    },
    "node_modules/shebang-regex": {
      "version": "3.0.0",
      "dev": true,
      "license": "MIT",
      "engines": {
        "node": ">=8"
      }
    },
    "node_modules/typescript": {
      "version": "5.9.3",
      "dev": true,
      "license": "Apache-2.0",
      "bin": {
        "tsc": "bin/tsc",
        "tsserver": "bin/tsserver"
      },
      "engines": {
        "node": ">=14.17"
      }
    },
    "node_modules/which": {
      "version": "2.0.2",
      "dev": true,
      "license": "ISC",
      "dependencies": {
        "isexe": "^2.0.0"
      },
      "bin": {
        "node-which": "bin/node-which"
      },
      "engines": {
        "node": ">= 8"
      }
    },
    "packages/manifest-types": {
      "name": "@alm/manifest-types",
      "version": "0.0.1",
      "devDependencies": {
        "typescript": "~5.9.2"
      }
    }
  }
}
